
Microsoft Visual Studio Solution File, Format Version 12.00
# Visual Studio Version 17
VisualStudioVersion = 17.5.33414.496
MinimumVisualStudioVersion = 10.0.40219.1
Project("{FAE04EC0-301F-11D3-BF4B-00C04F79EFBC}") = "Proiect_Teste_Cultura_Generala", "Proiect_Teste_Cultura_Generala\Proiect_Teste_Cultura_Generala.csproj", "{11F65FAF-D588-4738-A630-4D639B47E981}"
EndProject
Project("{FAE04EC0-301F-11D3-BF4B-00C04F79EFBC}") = "UnitTestProject", "UnitTestProject\UnitTestProject.csproj", "{24BBD387-C9EB-44B3-8FD7-881A80404083}"
EndProject
Global
	GlobalSection(SolutionConfigurationPlatforms) = preSolution
		Debug|Any CPU = Debug|Any CPU
		Release|Any CPU = Release|Any CPU
	EndGlobalSection
	GlobalSection(ProjectConfigurationPlatforms) = postSolution
		{11F65FAF-D588-4738-A630-4D639B47E981}.Debug|Any CPU.ActiveCfg = Debug|Any CPU
		{11F65FAF-D588-4738-A630-4D639B47E981}.Debug|Any CPU.Build.0 = Debug|Any CPU
		{11F65FAF-D588-4738-A630-4D639B47E981}.Release|Any CPU.ActiveCfg = Release|Any CPU
		{11F65FAF-D588-4738-A630-4D639B47E981}.Release|Any CPU.Build.0 = Release|Any CPU
		{24BBD387-C9EB-44B3-8FD7-881A80404083}.Debug|Any CPU.ActiveCfg = Debug|Any CPU
		{24BBD387-C9EB-44B3-8FD7-881A80404083}.Debug|Any CPU.Build.0 = Debug|Any CPU
		{24BBD387-C9EB-44B3-8FD7-881A80404083}.Release|Any CPU.ActiveCfg = Release|Any CPU
		{24BBD387-C9EB-44B3-8FD7-881A80404083}.Release|Any CPU.Build.0 = Release|Any CPU
	EndGlobalSection
	GlobalSection(SolutionProperties) = preSolution
		HideSolutionNode = FALSE
	EndGlobalSection
	GlobalSection(ExtensibilityGlobals) = postSolution
		SolutionGuid = {973FC4CA-4FC2-4FB3-8679-B146CBDC6877}
	EndGlobalSection
EndGlobal
